
Microsoft Visual Studio Solution File, Format Version 12.00
# Visual Studio Version 17
VisualStudioVersion = 17.10.34928.147
MinimumVisualStudioVersion = 10.0.40219.1
Project("{FAE04EC0-301F-11D3-BF4B-00C04F79EFBC}") = "Contract Monthly Claim System", "Contract Monthly Claim System\Contract Monthly Claim System.csproj", "{86E38019-63A5-45E4-AEEF-9DB8BA0A465D}"
EndProject
Global
	GlobalSection(SolutionConfigurationPlatforms) = preSolution
		Debug|Any CPU = Debug|Any CPU
		Release|Any CPU = Release|Any CPU
	EndGlobalSection
	GlobalSection(ProjectConfigurationPlatforms) = postSolution
		{86E38019-63A5-45E4-AEEF-9DB8BA0A465D}.Debug|Any CPU.ActiveCfg = Debug|Any CPU
		{86E38019-63A5-45E4-AEEF-9DB8BA0A465D}.Debug|Any CPU.Build.0 = Debug|Any CPU
		{86E38019-63A5-45E4-AEEF-9DB8BA0A465D}.Release|Any CPU.ActiveCfg = Release|Any CPU
		{86E38019-63A5-45E4-AEEF-9DB8BA0A465D}.Release|Any CPU.Build.0 = Release|Any CPU
	EndGlobalSection
	GlobalSection(SolutionProperties) = preSolution
		HideSolutionNode = FALSE
	EndGlobalSection
	GlobalSection(ExtensibilityGlobals) = postSolution
		SolutionGuid = {918F21D6-B4E9-46AE-8534-A7A7989C33C1}
	EndGlobalSection
EndGlobal
